
Microsoft Visual Studio Solution File, Format Version 12.00
# Visual Studio 15
VisualStudioVersion = 15.0.26124.0
MinimumVisualStudioVersion = 15.0.26124.0
Project("{2150E333-8FDC-42A3-9474-1A3956D46DE8}") = "src", "src", "{308A3F4D-4274-4904-819E-0A3E891EEF71}"
EndProject
Project("{FAE04EC0-301F-11D3-BF4B-00C04F79EFBC}") = "WebUI", "src\webui\WebUI.csproj", "{A411DF46-1A06-4CD7-90B0-5B4647E7815B}"
EndProject
Global
	GlobalSection(SolutionConfigurationPlatforms) = preSolution
		Debug|Any CPU = Debug|Any CPU
		Debug|x64 = Debug|x64
		Debug|x86 = Debug|x86
		Release|Any CPU = Release|Any CPU
		Release|x64 = Release|x64
		Release|x86 = Release|x86
	EndGlobalSection
	GlobalSection(SolutionProperties) = preSolution
		HideSolutionNode = FALSE
	EndGlobalSection
	GlobalSection(ProjectConfigurationPlatforms) = postSolution
		{A411DF46-1A06-4CD7-90B0-5B4647E7815B}.Debug|Any CPU.ActiveCfg = Debug|Any CPU
		{A411DF46-1A06-4CD7-90B0-5B4647E7815B}.Debug|Any CPU.Build.0 = Debug|Any CPU
		{A411DF46-1A06-4CD7-90B0-5B4647E7815B}.Debug|x64.ActiveCfg = Debug|Any CPU
		{A411DF46-1A06-4CD7-90B0-5B4647E7815B}.Debug|x64.Build.0 = Debug|Any CPU
		{A411DF46-1A06-4CD7-90B0-5B4647E7815B}.Debug|x86.ActiveCfg = Debug|Any CPU
		{A411DF46-1A06-4CD7-90B0-5B4647E7815B}.Debug|x86.Build.0 = Debug|Any CPU
		{A411DF46-1A06-4CD7-90B0-5B4647E7815B}.Release|Any CPU.ActiveCfg = Release|Any CPU
		{A411DF46-1A06-4CD7-90B0-5B4647E7815B}.Release|Any CPU.Build.0 = Release|Any CPU
		{A411DF46-1A06-4CD7-90B0-5B4647E7815B}.Release|x64.ActiveCfg = Release|Any CPU
		{A411DF46-1A06-4CD7-90B0-5B4647E7815B}.Release|x64.Build.0 = Release|Any CPU
		{A411DF46-1A06-4CD7-90B0-5B4647E7815B}.Release|x86.ActiveCfg = Release|Any CPU
		{A411DF46-1A06-4CD7-90B0-5B4647E7815B}.Release|x86.Build.0 = Release|Any CPU
	EndGlobalSection
	GlobalSection(NestedProjects) = preSolution
		{A411DF46-1A06-4CD7-90B0-5B4647E7815B} = {308A3F4D-4274-4904-819E-0A3E891EEF71}
	EndGlobalSection
EndGlobal
